
Microsoft Visual Studio Solution File, Format Version 12.00
# Visual Studio 15
VisualStudioVersion = 15.0.28307.1022
MinimumVisualStudioVersion = 10.0.40219.1
Project("{FAE04EC0-301F-11D3-BF4B-00C04F79EFBC}") = "ray tracing", "ray tracing\ray tracing.csproj", "{163557E6-9808-45BB-A9FC-D7AC1CAF8634}"
EndProject
Global
	GlobalSection(SolutionConfigurationPlatforms) = preSolution
		Debug|Any CPU = Debug|Any CPU
		Release|Any CPU = Release|Any CPU
	EndGlobalSection
	GlobalSection(ProjectConfigurationPlatforms) = postSolution
		{163557E6-9808-45BB-A9FC-D7AC1CAF8634}.Debug|Any CPU.ActiveCfg = Debug|Any CPU
		{163557E6-9808-45BB-A9FC-D7AC1CAF8634}.Debug|Any CPU.Build.0 = Debug|Any CPU
		{163557E6-9808-45BB-A9FC-D7AC1CAF8634}.Release|Any CPU.ActiveCfg = Release|Any CPU
		{163557E6-9808-45BB-A9FC-D7AC1CAF8634}.Release|Any CPU.Build.0 = Release|Any CPU
	EndGlobalSection
	GlobalSection(SolutionProperties) = preSolution
		HideSolutionNode = FALSE
	EndGlobalSection
	GlobalSection(ExtensibilityGlobals) = postSolution
		SolutionGuid = {40CE0ED9-F6CF-481C-B743-B06665ADFBA1}
	EndGlobalSection
EndGlobal
